// !$*UTF8*$!
{
	archiveVersion = 1;
	classes = {
	};
	objectVersion = 55;
	objects = {

/* Begin PBXBuildFile section */
		7823AFEC28250EC300B4D91B /* GoogleService-Info.plist in Resources */ = {isa = PBXBuildFile; fileRef = 7823AFEB28250EC300B4D91B /* GoogleService-Info.plist */; };
		7823AFEF2825111100B4D91B /* FirebaseAnalytics in Frameworks */ = {isa = PBXBuildFile; productRef = 7823AFEE2825111100B4D91B /* FirebaseAnalytics */; };
		7823AFF12825111100B4D91B /* FirebaseAnalyticsOnDeviceConversion in Frameworks */ = {isa = PBXBuildFile; productRef = 7823AFF02825111100B4D91B /* FirebaseAnalyticsOnDeviceConversion */; };
		7823AFF32825111100B4D91B /* FirebaseAnalyticsSwift in Frameworks */ = {isa = PBXBuildFile; productRef = 7823AFF22825111100B4D91B /* FirebaseAnalyticsSwift */; };
		7823AFF52825111100B4D91B /* FirebaseAnalyticsWithoutAdIdSupport in Frameworks */ = {isa = PBXBuildFile; productRef = 7823AFF42825111100B4D91B /* FirebaseAnalyticsWithoutAdIdSupport */; };
		7823AFF72825111100B4D91B /* FirebaseAppCheck in Frameworks */ = {isa = PBXBuildFile; productRef = 7823AFF62825111100B4D91B /* FirebaseAppCheck */; };
		7823AFF92825111100B4D91B /* FirebaseAppDistribution-Beta in Frameworks */ = {isa = PBXBuildFile; productRef = 7823AFF82825111100B4D91B /* FirebaseAppDistribution-Beta */; };
		7823AFFB2825111100B4D91B /* FirebaseAuth in Frameworks */ = {isa = PBXBuildFile; productRef = 7823AFFA2825111100B4D91B /* FirebaseAuth */; };
		7823AFFD2825111100B4D91B /* FirebaseAuthCombine-Community in Frameworks */ = {isa = PBXBuildFile; productRef = 7823AFFC2825111100B4D91B /* FirebaseAuthCombine-Community */; };
		7823AFFF2825111100B4D91B /* FirebaseCrashlytics in Frameworks */ = {isa = PBXBuildFile; productRef = 7823AFFE2825111100B4D91B /* FirebaseCrashlytics */; };
		7823B0012825111100B4D91B /* FirebaseDatabase in Frameworks */ = {isa = PBXBuildFile; productRef = 7823B0002825111100B4D91B /* FirebaseDatabase */; };
		7823B0032825111100B4D91B /* FirebaseDatabaseSwift in Frameworks */ = {isa = PBXBuildFile; productRef = 7823B0022825111100B4D91B /* FirebaseDatabaseSwift */; };
		7823B0052825111100B4D91B /* FirebaseDynamicLinks in Frameworks */ = {isa = PBXBuildFile; productRef = 7823B0042825111100B4D91B /* FirebaseDynamicLinks */; };
		7823B0072825111100B4D91B /* FirebaseFirestore in Frameworks */ = {isa = PBXBuildFile; productRef = 7823B0062825111100B4D91B /* FirebaseFirestore */; };
		7823B0092825111100B4D91B /* FirebaseFirestoreCombine-Community in Frameworks */ = {isa = PBXBuildFile; productRef = 7823B0082825111100B4D91B /* FirebaseFirestoreCombine-Community */; };
		7823B00B2825111100B4D91B /* FirebaseFirestoreSwift in Frameworks */ = {isa = PBXBuildFile; productRef = 7823B00A2825111100B4D91B /* FirebaseFirestoreSwift */; };
		7823B00D2825111100B4D91B /* FirebaseFunctions in Frameworks */ = {isa = PBXBuildFile; productRef = 7823B00C2825111100B4D91B /* FirebaseFunctions */; };
		7823B00F2825111100B4D91B /* FirebaseFunctionsCombine-Community in Frameworks */ = {isa = PBXBuildFile; productRef = 7823B00E2825111100B4D91B /* FirebaseFunctionsCombine-Community */; };
		7823B0112825111100B4D91B /* FirebaseInAppMessaging-Beta in Frameworks */ = {isa = PBXBuildFile; productRef = 7823B0102825111100B4D91B /* FirebaseInAppMessaging-Beta */; };
		7823B0132825111100B4D91B /* FirebaseInAppMessagingSwift-Beta in Frameworks */ = {isa = PBXBuildFile; productRef = 7823B0122825111100B4D91B /* FirebaseInAppMessagingSwift-Beta */; };
		7823B0152825111100B4D91B /* FirebaseInstallations in Frameworks */ = {isa = PBXBuildFile; productRef = 7823B0142825111100B4D91B /* FirebaseInstallations */; };
		7823B0172825111100B4D91B /* FirebaseMLModelDownloader in Frameworks */ = {isa = PBXBuildFile; productRef = 7823B0162825111100B4D91B /* FirebaseMLModelDownloader */; };
		7823B0192825111100B4D91B /* FirebaseMessaging in Frameworks */ = {isa = PBXBuildFile; productRef = 7823B0182825111100B4D91B /* FirebaseMessaging */; };
		7823B01B2825111100B4D91B /* FirebasePerformance in Frameworks */ = {isa = PBXBuildFile; productRef = 7823B01A2825111100B4D91B /* FirebasePerformance */; };
		7823B01D2825111100B4D91B /* FirebaseRemoteConfig in Frameworks */ = {isa = PBXBuildFile; productRef = 7823B01C2825111100B4D91B /* FirebaseRemoteConfig */; };
		7823B01F2825111100B4D91B /* FirebaseRemoteConfigSwift in Frameworks */ = {isa = PBXBuildFile; productRef = 7823B01E2825111100B4D91B /* FirebaseRemoteConfigSwift */; };
		7823B0212825111100B4D91B /* FirebaseStorage in Frameworks */ = {isa = PBXBuildFile; productRef = 7823B0202825111100B4D91B /* FirebaseStorage */; };
		7823B0232825111100B4D91B /* FirebaseStorageCombine-Community in Frameworks */ = {isa = PBXBuildFile; productRef = 7823B0222825111100B4D91B /* FirebaseStorageCombine-Community */; };
		7823B0252825143400B4D91B /* RegisterViewController.swift in Sources */ = {isa = PBXBuildFile; fileRef = 7823B0242825143400B4D91B /* RegisterViewController.swift */; };
		78739FAC2828DA7F00EEC625 /* Constants.swift in Sources */ = {isa = PBXBuildFile; fileRef = 78739FAB2828DA7F00EEC625 /* Constants.swift */; };
		78739FAE2828DCFF00EEC625 /* Masage.swift in Sources */ = {isa = PBXBuildFile; fileRef = 78739FAD2828DCFF00EEC625 /* Masage.swift */; };
		78739FB22828EEC100EEC625 /* MessageCell.swift in Sources */ = {isa = PBXBuildFile; fileRef = 78739FB02828EEC100EEC625 /* MessageCell.swift */; };
		78739FB32828EEC100EEC625 /* MessageCell.xib in Resources */ = {isa = PBXBuildFile; fileRef = 78739FB12828EEC100EEC625 /* MessageCell.xib */; };
		788A8F9F282516CA00583D28 /* LoginViewController.swift in Sources */ = {isa = PBXBuildFile; fileRef = 788A8F9E282516CA00583D28 /* LoginViewController.swift */; };
		78A31CC928263D0C007CF5D7 /* ChatViewViewController.swift in Sources */ = {isa = PBXBuildFile; fileRef = 78A31CC828263D0C007CF5D7 /* ChatViewViewController.swift */; };
		78EF4B6E282247FC00586052 /* AppDelegate.swift in Sources */ = {isa = PBXBuildFile; fileRef = 78EF4B6D282247FC00586052 /* AppDelegate.swift */; };
		78EF4B70282247FC00586052 /* SceneDelegate.swift in Sources */ = {isa = PBXBuildFile; fileRef = 78EF4B6F282247FC00586052 /* SceneDelegate.swift */; };
		78EF4B72282247FC00586052 /* ViewController.swift in Sources */ = {isa = PBXBuildFile; fileRef = 78EF4B71282247FC00586052 /* ViewController.swift */; };
		78EF4B75282247FC00586052 /* Main.storyboard in Resources */ = {isa = PBXBuildFile; fileRef = 78EF4B73282247FC00586052 /* Main.storyboard */; };
		78EF4B78282247FC00586052 /* FireBase_Login.xcdatamodeld in Sources */ = {isa = PBXBuildFile; fileRef = 78EF4B76282247FC00586052 /* FireBase_Login.xcdatamodeld */; };
		78EF4B7A282247FD00586052 /* Assets.xcassets in Resources */ = {isa = PBXBuildFile; fileRef = 78EF4B79282247FD00586052 /* Assets.xcassets */; };
		78EF4B7D282247FD00586052 /* LaunchScreen.storyboard in Resources */ = {isa = PBXBuildFile; fileRef = 78EF4B7B282247FD00586052 /* LaunchScreen.storyboard */; };
/* End PBXBuildFile section */

/* Begin PBXFileReference section */
		7823AFEB28250EC300B4D91B /* GoogleService-Info.plist */ = {isa = PBXFileReference; fileEncoding = 4; lastKnownFileType = text.plist.xml; path = "GoogleService-Info.plist"; sourceTree = "<group>"; };
		7823B0242825143400B4D91B /* RegisterViewController.swift */ = {isa = PBXFileReference; lastKnownFileType = sourcecode.swift; path = RegisterViewController.swift; sourceTree = "<group>"; };
		78739FAB2828DA7F00EEC625 /* Constants.swift */ = {isa = PBXFileReference; lastKnownFileType = sourcecode.swift; path = Constants.swift; sourceTree = "<group>"; };
		78739FAD2828DCFF00EEC625 /* Masage.swift */ = {isa = PBXFileReference; lastKnownFileType = sourcecode.swift; path = Masage.swift; sourceTree = "<group>"; };
		78739FB02828EEC100EEC625 /* MessageCell.swift */ = {isa = PBXFileReference; lastKnownFileType = sourcecode.swift; path = MessageCell.swift; sourceTree = "<group>"; };
		78739FB12828EEC100EEC625 /* MessageCell.xib */ = {isa = PBXFileReference; lastKnownFileType = file.xib; path = MessageCell.xib; sourceTree = "<group>"; };
		788A8F9E282516CA00583D28 /* LoginViewController.swift */ = {isa = PBXFileReference; lastKnownFileType = sourcecode.swift; path = LoginViewController.swift; sourceTree = "<group>"; };
		78A31CC828263D0C007CF5D7 /* ChatViewViewController.swift */ = {isa = PBXFileReference; lastKnownFileType = sourcecode.swift; path = ChatViewViewController.swift; sourceTree = "<group>"; };
		78EF4B6A282247FC00586052 /* FireBase Login.app */ = {isa = PBXFileReference; explicitFileType = wrapper.application; includeInIndex = 0; path = "FireBase Login.app"; sourceTree = BUILT_PRODUCTS_DIR; };
		78EF4B6D282247FC00586052 /* AppDelegate.swift */ = {isa = PBXFileReference; lastKnownFileType = sourcecode.swift; path = AppDelegate.swift; sourceTree = "<group>"; };
		78EF4B6F282247FC00586052 /* SceneDelegate.swift */ = {isa = PBXFileReference; lastKnownFileType = sourcecode.swift; path = SceneDelegate.swift; sourceTree = "<group>"; };
		78EF4B71282247FC00586052 /* ViewController.swift */ = {isa = PBXFileReference; lastKnownFileType = sourcecode.swift; path = ViewController.swift; sourceTree = "<group>"; };
		78EF4B74282247FC00586052 /* Base */ = {isa = PBXFileReference; lastKnownFileType = file.storyboard; name = Base; path = Base.lproj/Main.storyboard; sourceTree = "<group>"; };
		78EF4B77282247FC00586052 /* FireBase_Login.xcdatamodel */ = {isa = PBXFileReference; lastKnownFileType = wrapper.xcdatamodel; path = FireBase_Login.xcdatamodel; sourceTree = "<group>"; };
		78EF4B79282247FD00586052 /* Assets.xcassets */ = {isa = PBXFileReference; lastKnownFileType = folder.assetcatalog; path = Assets.xcassets; sourceTree = "<group>"; };
		78EF4B7C282247FD00586052 /* Base */ = {isa = PBXFileReference; lastKnownFileType = file.storyboard; name = Base; path = Base.lproj/LaunchScreen.storyboard; sourceTree = "<group>"; };
		78EF4B7E282247FD00586052 /* Info.plist */ = {isa = PBXFileReference; lastKnownFileType = text.plist.xml; path = Info.plist; sourceTree = "<group>"; };
/* End PBXFileReference section */

/* Begin PBXFrameworksBuildPhase section */
		78EF4B67282247FC00586052 /* Frameworks */ = {
			isa = PBXFrameworksBuildPhase;
			buildActionMask = 2147483647;
			files = (
				7823B0012825111100B4D91B /* FirebaseDatabase in Frameworks */,
				7823B00F2825111100B4D91B /* FirebaseFunctionsCombine-Community in Frameworks */,
				7823B0072825111100B4D91B /* FirebaseFirestore in Frameworks */,
				7823AFF32825111100B4D91B /* FirebaseAnalyticsSwift in Frameworks */,
				7823AFEF2825111100B4D91B /* FirebaseAnalytics in Frameworks */,
				7823AFF12825111100B4D91B /* FirebaseAnalyticsOnDeviceConversion in Frameworks */,
				7823B0172825111100B4D91B /* FirebaseMLModelDownloader in Frameworks */,
				7823B00B2825111100B4D91B /* FirebaseFirestoreSwift in Frameworks */,
				7823AFF72825111100B4D91B /* FirebaseAppCheck in Frameworks */,
				7823AFF52825111100B4D91B /* FirebaseAnalyticsWithoutAdIdSupport in Frameworks */,
				7823AFFB2825111100B4D91B /* FirebaseAuth in Frameworks */,
				7823AFFF2825111100B4D91B /* FirebaseCrashlytics in Frameworks */,
				7823B01F2825111100B4D91B /* FirebaseRemoteConfigSwift in Frameworks */,
				7823B0112825111100B4D91B /* FirebaseInAppMessaging-Beta in Frameworks */,
				7823B0032825111100B4D91B /* FirebaseDatabaseSwift in Frameworks */,
				7823B00D2825111100B4D91B /* FirebaseFunctions in Frameworks */,
				7823B0232825111100B4D91B /* FirebaseStorageCombine-Community in Frameworks */,
				7823B01D2825111100B4D91B /* FirebaseRemoteConfig in Frameworks */,
				7823AFF92825111100B4D91B /* FirebaseAppDistribution-Beta in Frameworks */,
				7823AFFD2825111100B4D91B /* FirebaseAuthCombine-Community in Frameworks */,
				7823B01B2825111100B4D91B /* FirebasePerformance in Frameworks */,
				7823B0132825111100B4D91B /* FirebaseInAppMessagingSwift-Beta in Frameworks */,
				7823B0212825111100B4D91B /* FirebaseStorage in Frameworks */,
				7823B0052825111100B4D91B /* FirebaseDynamicLinks in Frameworks */,
				7823B0092825111100B4D91B /* FirebaseFirestoreCombine-Community in Frameworks */,
				7823B0192825111100B4D91B /* FirebaseMessaging in Frameworks */,
				7823B0152825111100B4D91B /* FirebaseInstallations in Frameworks */,
			);
			runOnlyForDeploymentPostprocessing = 0;
		};
/* End PBXFrameworksBuildPhase section */

/* Begin PBXGroup section */
		78739FAF2828DD0500EEC625 /* Model */ = {
			isa = PBXGroup;
			children = (
				78739FAD2828DCFF00EEC625 /* Masage.swift */,
			);
			path = Model;
			sourceTree = "<group>";
		};
		78EF4B61282247FC00586052 = {
			isa = PBXGroup;
			children = (
				78EF4B6C282247FC00586052 /* FireBase Login */,
				78EF4B6B282247FC00586052 /* Products */,
			);
			sourceTree = "<group>";
		};
		78EF4B6B282247FC00586052 /* Products */ = {
			isa = PBXGroup;
			children = (
				78EF4B6A282247FC00586052 /* FireBase Login.app */,
			);
			name = Products;
			sourceTree = "<group>";
		};
		78EF4B6C282247FC00586052 /* FireBase Login */ = {
			isa = PBXGroup;
			children = (
				78EF4B6D282247FC00586052 /* AppDelegate.swift */,
				78EF4B6F282247FC00586052 /* SceneDelegate.swift */,
				78739FAF2828DD0500EEC625 /* Model */,
				78EF4B842822480500586052 /* Controller */,
				78EF4B852822481200586052 /* View */,
				78EF4B79282247FD00586052 /* Assets.xcassets */,
				78739FAB2828DA7F00EEC625 /* Constants.swift */,
				78EF4B7B282247FD00586052 /* LaunchScreen.storyboard */,
				78EF4B7E282247FD00586052 /* Info.plist */,
				7823AFEB28250EC300B4D91B /* GoogleService-Info.plist */,
				78EF4B76282247FC00586052 /* FireBase_Login.xcdatamodeld */,
			);
			path = "FireBase Login";
			sourceTree = "<group>";
		};
		78EF4B842822480500586052 /* Controller */ = {
			isa = PBXGroup;
			children = (
				78EF4B71282247FC00586052 /* ViewController.swift */,
				7823B0242825143400B4D91B /* RegisterViewController.swift */,
				788A8F9E282516CA00583D28 /* LoginViewController.swift */,
				78A31CC828263D0C007CF5D7 /* ChatViewViewController.swift */,
			);
			path = Controller;
			sourceTree = "<group>";
		};
		78EF4B852822481200586052 /* View */ = {
			isa = PBXGroup;
			children = (
				78EF4B73282247FC00586052 /* Main.storyboard */,
				78739FB02828EEC100EEC625 /* MessageCell.swift */,
				78739FB12828EEC100EEC625 /* MessageCell.xib */,
			);
			path = View;
			sourceTree = "<group>";
		};
/* End PBXGroup section */

/* Begin PBXNativeTarget section */
		78EF4B69282247FC00586052 /* FireBase Login */ = {
			isa = PBXNativeTarget;
			buildConfigurationList = 78EF4B81282247FD00586052 /* Build configuration list for PBXNativeTarget "FireBase Login" */;
			buildPhases = (
				78EF4B66282247FC00586052 /* Sources */,
				78EF4B67282247FC00586052 /* Frameworks */,
				78EF4B68282247FC00586052 /* Resources */,
			);
			buildRules = (
			);
			dependencies = (
			);
			name = "FireBase Login";
			packageProductDependencies = (
				7823AFEE2825111100B4D91B /* FirebaseAnalytics */,
				7823AFF02825111100B4D91B /* FirebaseAnalyticsOnDeviceConversion */,
				7823AFF22825111100B4D91B /* FirebaseAnalyticsSwift */,
				7823AFF42825111100B4D91B /* FirebaseAnalyticsWithoutAdIdSupport */,
				7823AFF62825111100B4D91B /* FirebaseAppCheck */,
				7823AFF82825111100B4D91B /* FirebaseAppDistribution-Beta */,
				7823AFFA2825111100B4D91B /* FirebaseAuth */,
				7823AFFC2825111100B4D91B /* FirebaseAuthCombine-Community */,
				7823AFFE2825111100B4D91B /* FirebaseCrashlytics */,
				7823B0002825111100B4D91B /* FirebaseDatabase */,
				7823B0022825111100B4D91B /* FirebaseDatabaseSwift */,
				7823B0042825111100B4D91B /* FirebaseDynamicLinks */,
				7823B0062825111100B4D91B /* FirebaseFirestore */,
				7823B0082825111100B4D91B /* FirebaseFirestoreCombine-Community */,
				7823B00A2825111100B4D91B /* FirebaseFirestoreSwift */,
				7823B00C2825111100B4D91B /* FirebaseFunctions */,
				7823B00E2825111100B4D91B /* FirebaseFunctionsCombine-Community */,
				7823B0102825111100B4D91B /* FirebaseInAppMessaging-Beta */,
				7823B0122825111100B4D91B /* FirebaseInAppMessagingSwift-Beta */,
				7823B0142825111100B4D91B /* FirebaseInstallations */,
				7823B0162825111100B4D91B /* FirebaseMLModelDownloader */,
				7823B0182825111100B4D91B /* FirebaseMessaging */,
				7823B01A2825111100B4D91B /* FirebasePerformance */,
				7823B01C2825111100B4D91B /* FirebaseRemoteConfig */,
				7823B01E2825111100B4D91B /* FirebaseRemoteConfigSwift */,
				7823B0202825111100B4D91B /* FirebaseStorage */,
				7823B0222825111100B4D91B /* FirebaseStorageCombine-Community */,
			);
			productName = "FireBase Login";
			productReference = 78EF4B6A282247FC00586052 /* FireBase Login.app */;
			productType = "com.apple.product-type.application";
		};
/* End PBXNativeTarget section */

/* Begin PBXProject section */
		78EF4B62282247FC00586052 /* Project object */ = {
			isa = PBXProject;
			attributes = {
				BuildIndependentTargetsInParallel = 1;
				LastSwiftUpdateCheck = 1330;
				LastUpgradeCheck = 1330;
				TargetAttributes = {
					78EF4B69282247FC00586052 = {
						CreatedOnToolsVersion = 13.3.1;
					};
				};
			};
			buildConfigurationList = 78EF4B65282247FC00586052 /* Build configuration list for PBXProject "FireBase Login" */;
			compatibilityVersion = "Xcode 13.0";
			developmentRegion = en;
			hasScannedForEncodings = 0;
			knownRegions = (
				en,
				Base,
			);
			mainGroup = 78EF4B61282247FC00586052;
			packageReferences = (
				7823AFED2825111100B4D91B /* XCRemoteSwiftPackageReference "firebase-ios-sdk" */,
			);
			productRefGroup = 78EF4B6B282247FC00586052 /* Products */;
			projectDirPath = "";
			projectRoot = "";
			targets = (
				78EF4B69282247FC00586052 /* FireBase Login */,
			);
		};
/* End PBXProject section */

/* Begin PBXResourcesBuildPhase section */
		78EF4B68282247FC00586052 /* Resources */ = {
			isa = PBXResourcesBuildPhase;
			buildActionMask = 2147483647;
			files = (
				78739FB32828EEC100EEC625 /* MessageCell.xib in Resources */,
				78EF4B7D282247FD00586052 /* LaunchScreen.storyboard in Resources */,
				7823AFEC28250EC300B4D91B /* GoogleService-Info.plist in Resources */,
				78EF4B7A282247FD00586052 /* Assets.xcassets in Resources */,
				78EF4B75282247FC00586052 /* Main.storyboard in Resources */,
			);
			runOnlyForDeploymentPostprocessing = 0;
		};
/* End PBXResourcesBuildPhase section */

/* Begin PBXSourcesBuildPhase section */
		78EF4B66282247FC00586052 /* Sources */ = {
			isa = PBXSourcesBuildPhase;
			buildActionMask = 2147483647;
			files = (
				788A8F9F282516CA00583D28 /* LoginViewController.swift in Sources */,
				78739FB22828EEC100EEC625 /* MessageCell.swift in Sources */,
				78EF4B78282247FC00586052 /* FireBase_Login.xcdatamodeld in Sources */,
				7823B0252825143400B4D91B /* RegisterViewController.swift in Sources */,
				78EF4B72282247FC00586052 /* ViewController.swift in Sources */,
				78739FAE2828DCFF00EEC625 /* Masage.swift in Sources */,
				78EF4B6E282247FC00586052 /* AppDelegate.swift in Sources */,
				78EF4B70282247FC00586052 /* SceneDelegate.swift in Sources */,
				78A31CC928263D0C007CF5D7 /* ChatViewViewController.swift in Sources */,
				78739FAC2828DA7F00EEC625 /* Constants.swift in Sources */,
			);
			runOnlyForDeploymentPostprocessing = 0;
		};
/* End PBXSourcesBuildPhase section */

/* Begin PBXVariantGroup section */
		78EF4B73282247FC00586052 /* Main.storyboard */ = {
			isa = PBXVariantGroup;
			children = (
				78EF4B74282247FC00586052 /* Base */,
			);
			name = Main.storyboard;
			sourceTree = "<group>";
		};
		78EF4B7B282247FD00586052 /* LaunchScreen.storyboard */ = {
			isa = PBXVariantGroup;
			children = (
				78EF4B7C282247FD00586052 /* Base */,
			);
			name = LaunchScreen.storyboard;
			sourceTree = "<group>";
		};
/* End PBXVariantGroup section */

/* Begin XCBuildConfiguration section */
		78EF4B7F282247FD00586052 /* Debug */ = {
			isa = XCBuildConfiguration;
			buildSettings = {
				ALWAYS_SEARCH_USER_PATHS = NO;
				CLANG_ANALYZER_NONNULL = YES;
				CLANG_ANALYZER_NUMBER_OBJECT_CONVERSION = YES_AGGRESSIVE;
				CLANG_CXX_LANGUAGE_STANDARD = "gnu++17";
				CLANG_ENABLE_MODULES = YES;
				CLANG_ENABLE_OBJC_ARC = YES;
				CLANG_ENABLE_OBJC_WEAK = YES;
				CLANG_WARN_BLOCK_CAPTURE_AUTORELEASING = YES;
				CLANG_WARN_BOOL_CONVERSION = YES;
				CLANG_WARN_COMMA = YES;
				CLANG_WARN_CONSTANT_CONVERSION = YES;
				CLANG_WARN_DEPRECATED_OBJC_IMPLEMENTATIONS = YES;
				CLANG_WARN_DIRECT_OBJC_ISA_USAGE = YES_ERROR;
				CLANG_WARN_DOCUMENTATION_COMMENTS = YES;
				CLANG_WARN_EMPTY_BODY = YES;
				CLANG_WARN_ENUM_CONVERSION = YES;
				CLANG_WARN_INFINITE_RECURSION = YES;
				CLANG_WARN_INT_CONVERSION = YES;
				CLANG_WARN_NON_LITERAL_NULL_CONVERSION = YES;
				CLANG_WARN_OBJC_IMPLICIT_RETAIN_SELF = YES;
				CLANG_WARN_OBJC_LITERAL_CONVERSION = YES;
				CLANG_WARN_OBJC_ROOT_CLASS = YES_ERROR;
				CLANG_WARN_QUOTED_INCLUDE_IN_FRAMEWORK_HEADER = YES;
				CLANG_WARN_RANGE_LOOP_ANALYSIS = YES;
				CLANG_WARN_STRICT_PROTOTYPES = YES;
				CLANG_WARN_SUSPICIOUS_MOVE = YES;
				CLANG_WARN_UNGUARDED_AVAILABILITY = YES_AGGRESSIVE;
				CLANG_WARN_UNREACHABLE_CODE = YES;
				CLANG_WARN__DUPLICATE_METHOD_MATCH = YES;
				COPY_PHASE_STRIP = NO;
				DEBUG_INFORMATION_FORMAT = dwarf;
				ENABLE_STRICT_OBJC_MSGSEND = YES;
				ENABLE_TESTABILITY = YES;
				GCC_C_LANGUAGE_STANDARD = gnu11;
				GCC_DYNAMIC_NO_PIC = NO;
				GCC_NO_COMMON_BLOCKS = YES;
				GCC_OPTIMIZATION_LEVEL = 0;
				GCC_PREPROCESSOR_DEFINITIONS = (
					"DEBUG=1",
					"$(inherited)",
				);
				GCC_WARN_64_TO_32_BIT_CONVERSION = YES;
				GCC_WARN_ABOUT_RETURN_TYPE = YES_ERROR;
				GCC_WARN_UNDECLARED_SELECTOR = YES;
				GCC_WARN_UNINITIALIZED_AUTOS = YES_AGGRESSIVE;
				GCC_WARN_UNUSED_FUNCTION = YES;
				GCC_WARN_UNUSED_VARIABLE = YES;
				IPHONEOS_DEPLOYMENT_TARGET = 15.4;
				MTL_ENABLE_DEBUG_INFO = INCLUDE_SOURCE;
				MTL_FAST_MATH = YES;
				ONLY_ACTIVE_ARCH = YES;
				SDKROOT = iphoneos;
				SWIFT_ACTIVE_COMPILATION_CONDITIONS = DEBUG;
				SWIFT_OPTIMIZATION_LEVEL = "-Onone";
			};
			name = Debug;
		};
		78EF4B80282247FD00586052 /* Release */ = {
			isa = XCBuildConfiguration;
			buildSettings = {
				ALWAYS_SEARCH_USER_PATHS = NO;
				CLANG_ANALYZER_NONNULL = YES;
				CLANG_ANALYZER_NUMBER_OBJECT_CONVERSION = YES_AGGRESSIVE;
				CLANG_CXX_LANGUAGE_STANDARD = "gnu++17";
				CLANG_ENABLE_MODULES = YES;
				CLANG_ENABLE_OBJC_ARC = YES;
				CLANG_ENABLE_OBJC_WEAK = YES;
				CLANG_WARN_BLOCK_CAPTURE_AUTORELEASING = YES;
				CLANG_WARN_BOOL_CONVERSION = YES;
				CLANG_WARN_COMMA = YES;
				CLANG_WARN_CONSTANT_CONVERSION = YES;
				CLANG_WARN_DEPRECATED_OBJC_IMPLEMENTATIONS = YES;
				CLANG_WARN_DIRECT_OBJC_ISA_USAGE = YES_ERROR;
				CLANG_WARN_DOCUMENTATION_COMMENTS = YES;
				CLANG_WARN_EMPTY_BODY = YES;
				CLANG_WARN_ENUM_CONVERSION = YES;
				CLANG_WARN_INFINITE_RECURSION = YES;
				CLANG_WARN_INT_CONVERSION = YES;
				CLANG_WARN_NON_LITERAL_NULL_CONVERSION = YES;
				CLANG_WARN_OBJC_IMPLICIT_RETAIN_SELF = YES;
				CLANG_WARN_OBJC_LITERAL_CONVERSION = YES;
				CLANG_WARN_OBJC_ROOT_CLASS = YES_ERROR;
				CLANG_WARN_QUOTED_INCLUDE_IN_FRAMEWORK_HEADER = YES;
				CLANG_WARN_RANGE_LOOP_ANALYSIS = YES;
				CLANG_WARN_STRICT_PROTOTYPES = YES;
				CLANG_WARN_SUSPICIOUS_MOVE = YES;
				CLANG_WARN_UNGUARDED_AVAILABILITY = YES_AGGRESSIVE;
				CLANG_WARN_UNREACHABLE_CODE = YES;
				CLANG_WARN__DUPLICATE_METHOD_MATCH = YES;
				COPY_PHASE_STRIP = NO;
				DEBUG_INFORMATION_FORMAT = "dwarf-with-dsym";
				ENABLE_NS_ASSERTIONS = NO;
				ENABLE_STRICT_OBJC_MSGSEND = YES;
				GCC_C_LANGUAGE_STANDARD = gnu11;
				GCC_NO_COMMON_BLOCKS = YES;
				GCC_WARN_64_TO_32_BIT_CONVERSION = YES;
				GCC_WARN_ABOUT_RETURN_TYPE = YES_ERROR;
				GCC_WARN_UNDECLARED_SELECTOR = YES;
				GCC_WARN_UNINITIALIZED_AUTOS = YES_AGGRESSIVE;
				GCC_WARN_UNUSED_FUNCTION = YES;
				GCC_WARN_UNUSED_VARIABLE = YES;
				IPHONEOS_DEPLOYMENT_TARGET = 15.4;
				MTL_ENABLE_DEBUG_INFO = NO;
				MTL_FAST_MATH = YES;
				SDKROOT = iphoneos;
				SWIFT_COMPILATION_MODE = wholemodule;
				SWIFT_OPTIMIZATION_LEVEL = "-O";
				VALIDATE_PRODUCT = YES;
			};
			name = Release;
		};
		78EF4B82282247FD00586052 /* Debug */ = {
			isa = XCBuildConfiguration;
			buildSettings = {
				ASSETCATALOG_COMPILER_APPICON_NAME = AppIcon;
				ASSETCATALOG_COMPILER_GLOBAL_ACCENT_COLOR_NAME = AccentColor;
				CODE_SIGN_STYLE = Automatic;
				CURRENT_PROJECT_VERSION = 1;
				DEVELOPMENT_TEAM = WQD7F9D6LV;
				GENERATE_INFOPLIST_FILE = YES;
				INFOPLIST_FILE = "FireBase Login/Info.plist";
				INFOPLIST_KEY_UIApplicationSupportsIndirectInputEvents = YES;
				INFOPLIST_KEY_UILaunchStoryboardName = LaunchScreen;
				INFOPLIST_KEY_UIMainStoryboardFile = Main;
				INFOPLIST_KEY_UISupportedInterfaceOrientations_iPad = "UIInterfaceOrientationPortrait UIInterfaceOrientationPortraitUpsideDown UIInterfaceOrientationLandscapeLeft UIInterfaceOrientationLandscapeRight";
				INFOPLIST_KEY_UISupportedInterfaceOrientations_iPhone = "UIInterfaceOrientationPortrait UIInterfaceOrientationLandscapeLeft UIInterfaceOrientationLandscapeRight";
				LD_RUNPATH_SEARCH_PATHS = (
					"$(inherited)",
					"@executable_path/Frameworks",
				);
				MARKETING_VERSION = 1.0;
				PRODUCT_BUNDLE_IDENTIFIER = "com.moolman.FireBase-Login";
				PRODUCT_NAME = "$(TARGET_NAME)";
				SWIFT_EMIT_LOC_STRINGS = YES;
				SWIFT_VERSION = 5.0;
				TARGETED_DEVICE_FAMILY = "1,2";
			};
			name = Debug;
		};
		78EF4B83282247FD00586052 /* Release */ = {
			isa = XCBuildConfiguration;
			buildSettings = {
				ASSETCATALOG_COMPILER_APPICON_NAME = AppIcon;
				ASSETCATALOG_COMPILER_GLOBAL_ACCENT_COLOR_NAME = AccentColor;
				CODE_SIGN_STYLE = Automatic;
				CURRENT_PROJECT_VERSION = 1;
				DEVELOPMENT_TEAM = WQD7F9D6LV;
				GENERATE_INFOPLIST_FILE = YES;
				INFOPLIST_FILE = "FireBase Login/Info.plist";
				INFOPLIST_KEY_UIApplicationSupportsIndirectInputEvents = YES;
				INFOPLIST_KEY_UILaunchStoryboardName = LaunchScreen;
				INFOPLIST_KEY_UIMainStoryboardFile = Main;
				INFOPLIST_KEY_UISupportedInterfaceOrientations_iPad = "UIInterfaceOrientationPortrait UIInterfaceOrientationPortraitUpsideDown UIInterfaceOrientationLandscapeLeft UIInterfaceOrientationLandscapeRight";
				INFOPLIST_KEY_UISupportedInterfaceOrientations_iPhone = "UIInterfaceOrientationPortrait UIInterfaceOrientationLandscapeLeft UIInterfaceOrientationLandscapeRight";
				LD_RUNPATH_SEARCH_PATHS = (
					"$(inherited)",
					"@executable_path/Frameworks",
				);
				MARKETING_VERSION = 1.0;
				PRODUCT_BUNDLE_IDENTIFIER = "com.moolman.FireBase-Login";
				PRODUCT_NAME = "$(TARGET_NAME)";
				SWIFT_EMIT_LOC_STRINGS = YES;
				SWIFT_VERSION = 5.0;
				TARGETED_DEVICE_FAMILY = "1,2";
			};
			name = Release;
		};
/* End XCBuildConfiguration section */

/* Begin XCConfigurationList section */
		78EF4B65282247FC00586052 /* Build configuration list for PBXProject "FireBase Login" */ = {
			isa = XCConfigurationList;
			buildConfigurations = (
				78EF4B7F282247FD00586052 /* Debug */,
				78EF4B80282247FD00586052 /* Release */,
			);
			defaultConfigurationIsVisible = 0;
			defaultConfigurationName = Release;
		};
		78EF4B81282247FD00586052 /* Build configuration list for PBXNativeTarget "FireBase Login" */ = {
			isa = XCConfigurationList;
			buildConfigurations = (
				78EF4B82282247FD00586052 /* Debug */,
				78EF4B83282247FD00586052 /* Release */,
			);
			defaultConfigurationIsVisible = 0;
			defaultConfigurationName = Release;
		};
/* End XCConfigurationList section */

/* Begin XCRemoteSwiftPackageReference section */
		7823AFED2825111100B4D91B /* XCRemoteSwiftPackageReference "firebase-ios-sdk" */ = {
			isa = XCRemoteSwiftPackageReference;
			repositoryURL = "https://github.com/firebase/firebase-ios-sdk.git";
			requirement = {
				kind = upToNextMajorVersion;
				minimumVersion = 9.0.0;
			};
		};
/* End XCRemoteSwiftPackageReference section */

/* Begin XCSwiftPackageProductDependency section */
		7823AFEE2825111100B4D91B /* FirebaseAnalytics */ = {
			isa = XCSwiftPackageProductDependency;
			package = 7823AFED2825111100B4D91B /* XCRemoteSwiftPackageReference "firebase-ios-sdk" */;
			productName = FirebaseAnalytics;
		};
		7823AFF02825111100B4D91B /* FirebaseAnalyticsOnDeviceConversion */ = {
			isa = XCSwiftPackageProductDependency;
			package = 7823AFED2825111100B4D91B /* XCRemoteSwiftPackageReference "firebase-ios-sdk" */;
			productName = FirebaseAnalyticsOnDeviceConversion;
		};
		7823AFF22825111100B4D91B /* FirebaseAnalyticsSwift */ = {
			isa = XCSwiftPackageProductDependency;
			package = 7823AFED2825111100B4D91B /* XCRemoteSwiftPackageReference "firebase-ios-sdk" */;
			productName = FirebaseAnalyticsSwift;
		};
		7823AFF42825111100B4D91B /* FirebaseAnalyticsWithoutAdIdSupport */ = {
			isa = XCSwiftPackageProductDependency;
			package = 7823AFED2825111100B4D91B /* XCRemoteSwiftPackageReference "firebase-ios-sdk" */;
			productName = FirebaseAnalyticsWithoutAdIdSupport;
		};
		7823AFF62825111100B4D91B /* FirebaseAppCheck */ = {
			isa = XCSwiftPackageProductDependency;
			package = 7823AFED2825111100B4D91B /* XCRemoteSwiftPackageReference "firebase-ios-sdk" */;
			productName = FirebaseAppCheck;
		};
		7823AFF82825111100B4D91B /* FirebaseAppDistribution-Beta */ = {
			isa = XCSwiftPackageProductDependency;
			package = 7823AFED2825111100B4D91B /* XCRemoteSwiftPackageReference "firebase-ios-sdk" */;
			productName = "FirebaseAppDistribution-Beta";
		};
		7823AFFA2825111100B4D91B /* FirebaseAuth */ = {
			isa = XCSwiftPackageProductDependency;
			package = 7823AFED2825111100B4D91B /* XCRemoteSwiftPackageReference "firebase-ios-sdk" */;
			productName = FirebaseAuth;
		};
		7823AFFC2825111100B4D91B /* FirebaseAuthCombine-Community */ = {
			isa = XCSwiftPackageProductDependency;
			package = 7823AFED2825111100B4D91B /* XCRemoteSwiftPackageReference "firebase-ios-sdk" */;
			productName = "FirebaseAuthCombine-Community";
		};
		7823AFFE2825111100B4D91B /* FirebaseCrashlytics */ = {
			isa = XCSwiftPackageProductDependency;
			package = 7823AFED2825111100B4D91B /* XCRemoteSwiftPackageReference "firebase-ios-sdk" */;
			productName = FirebaseCrashlytics;
		};
		7823B0002825111100B4D91B /* FirebaseDatabase */ = {
			isa = XCSwiftPackageProductDependency;
			package = 7823AFED2825111100B4D91B /* XCRemoteSwiftPackageReference "firebase-ios-sdk" */;
			productName = FirebaseDatabase;
		};
		7823B0022825111100B4D91B /* FirebaseDatabaseSwift */ = {
			isa = XCSwiftPackageProductDependency;
			package = 7823AFED2825111100B4D91B /* XCRemoteSwiftPackageReference "firebase-ios-sdk" */;
			productName = FirebaseDatabaseSwift;
		};
		7823B0042825111100B4D91B /* FirebaseDynamicLinks */ = {
			isa = XCSwiftPackageProductDependency;
			package = 7823AFED2825111100B4D91B /* XCRemoteSwiftPackageReference "firebase-ios-sdk" */;
			productName = FirebaseDynamicLinks;
		};
		7823B0062825111100B4D91B /* FirebaseFirestore */ = {
			isa = XCSwiftPackageProductDependency;
			package = 7823AFED2825111100B4D91B /* XCRemoteSwiftPackageReference "firebase-ios-sdk" */;
			productName = FirebaseFirestore;
		};
		7823B0082825111100B4D91B /* FirebaseFirestoreCombine-Community */ = {
			isa = XCSwiftPackageProductDependency;
			package = 7823AFED2825111100B4D91B /* XCRemoteSwiftPackageReference "firebase-ios-sdk" */;
			productName = "FirebaseFirestoreCombine-Community";
		};
		7823B00A2825111100B4D91B /* FirebaseFirestoreSwift */ = {
			isa = XCSwiftPackageProductDependency;
			package = 7823AFED2825111100B4D91B /* XCRemoteSwiftPackageReference "firebase-ios-sdk" */;
			productName = FirebaseFirestoreSwift;
		};
		7823B00C2825111100B4D91B /* FirebaseFunctions */ = {
			isa = XCSwiftPackageProductDependency;
			package = 7823AFED2825111100B4D91B /* XCRemoteSwiftPackageReference "firebase-ios-sdk" */;
			productName = FirebaseFunctions;
		};
		7823B00E2825111100B4D91B /* FirebaseFunctionsCombine-Community */ = {
			isa = XCSwiftPackageProductDependency;
			package = 7823AFED2825111100B4D91B /* XCRemoteSwiftPackageReference "firebase-ios-sdk" */;
			productName = "FirebaseFunctionsCombine-Community";
		};
		7823B0102825111100B4D91B /* FirebaseInAppMessaging-Beta */ = {
			isa = XCSwiftPackageProductDependency;
			package = 7823AFED2825111100B4D91B /* XCRemoteSwiftPackageReference "firebase-ios-sdk" */;
			productName = "FirebaseInAppMessaging-Beta";
		};
		7823B0122825111100B4D91B /* FirebaseInAppMessagingSwift-Beta */ = {
			isa = XCSwiftPackageProductDependency;
			package = 7823AFED2825111100B4D91B /* XCRemoteSwiftPackageReference "firebase-ios-sdk" */;
			productName = "FirebaseInAppMessagingSwift-Beta";
		};
		7823B0142825111100B4D91B /* FirebaseInstallations */ = {
			isa = XCSwiftPackageProductDependency;
			package = 7823AFED2825111100B4D91B /* XCRemoteSwiftPackageReference "firebase-ios-sdk" */;
			productName = FirebaseInstallations;
		};
		7823B0162825111100B4D91B /* FirebaseMLModelDownloader */ = {
			isa = XCSwiftPackageProductDependency;
			package = 7823AFED2825111100B4D91B /* XCRemoteSwiftPackageReference "firebase-ios-sdk" */;
			productName = FirebaseMLModelDownloader;
		};
		7823B0182825111100B4D91B /* FirebaseMessaging */ = {
			isa = XCSwiftPackageProductDependency;
			package = 7823AFED2825111100B4D91B /* XCRemoteSwiftPackageReference "firebase-ios-sdk" */;
			productName = FirebaseMessaging;
		};
		7823B01A2825111100B4D91B /* FirebasePerformance */ = {
			isa = XCSwiftPackageProductDependency;
			package = 7823AFED2825111100B4D91B /* XCRemoteSwiftPackageReference "firebase-ios-sdk" */;
			productName = FirebasePerformance;
		};
		7823B01C2825111100B4D91B /* FirebaseRemoteConfig */ = {
			isa = XCSwiftPackageProductDependency;
			package = 7823AFED2825111100B4D91B /* XCRemoteSwiftPackageReference "firebase-ios-sdk" */;
			productName = FirebaseRemoteConfig;
		};
		7823B01E2825111100B4D91B /* FirebaseRemoteConfigSwift */ = {
			isa = XCSwiftPackageProductDependency;
			package = 7823AFED2825111100B4D91B /* XCRemoteSwiftPackageReference "firebase-ios-sdk" */;
			productName = FirebaseRemoteConfigSwift;
		};
		7823B0202825111100B4D91B /* FirebaseStorage */ = {
			isa = XCSwiftPackageProductDependency;
			package = 7823AFED2825111100B4D91B /* XCRemoteSwiftPackageReference "firebase-ios-sdk" */;
			productName = FirebaseStorage;
		};
		7823B0222825111100B4D91B /* FirebaseStorageCombine-Community */ = {
			isa = XCSwiftPackageProductDependency;
			package = 7823AFED2825111100B4D91B /* XCRemoteSwiftPackageReference "firebase-ios-sdk" */;
			productName = "FirebaseStorageCombine-Community";
		};
/* End XCSwiftPackageProductDependency section */

/* Begin XCVersionGroup section */
		78EF4B76282247FC00586052 /* FireBase_Login.xcdatamodeld */ = {
			isa = XCVersionGroup;
			children = (
				78EF4B77282247FC00586052 /* FireBase_Login.xcdatamodel */,
			);
			currentVersion = 78EF4B77282247FC00586052 /* FireBase_Login.xcdatamodel */;
			path = FireBase_Login.xcdatamodeld;
			sourceTree = "<group>";
			versionGroupType = wrapper.xcdatamodel;
		};
/* End XCVersionGroup section */
	};
	rootObject = 78EF4B62282247FC00586052 /* Project object */;
}
